
Microsoft Visual Studio Solution File, Format Version 12.00
# Visual Studio Version 17
VisualStudioVersion = 17.6.33829.357
MinimumVisualStudioVersion = 10.0.40219.1
Project("{FAE04EC0-301F-11D3-BF4B-00C04F79EFBC}") = "WebApplication3", "WebApplication3\WebApplication3.csproj", "{1E70DA3F-2329-4C76-AB87-EC34F5CB60F7}"
EndProject
Global
	GlobalSection(SolutionConfigurationPlatforms) = preSolution
		Debug|Any CPU = Debug|Any CPU
		Release|Any CPU = Release|Any CPU
	EndGlobalSection
	GlobalSection(ProjectConfigurationPlatforms) = postSolution
		{1E70DA3F-2329-4C76-AB87-EC34F5CB60F7}.Debug|Any CPU.ActiveCfg = Debug|Any CPU
		{1E70DA3F-2329-4C76-AB87-EC34F5CB60F7}.Debug|Any CPU.Build.0 = Debug|Any CPU
		{1E70DA3F-2329-4C76-AB87-EC34F5CB60F7}.Release|Any CPU.ActiveCfg = Release|Any CPU
		{1E70DA3F-2329-4C76-AB87-EC34F5CB60F7}.Release|Any CPU.Build.0 = Release|Any CPU
	EndGlobalSection
	GlobalSection(SolutionProperties) = preSolution
		HideSolutionNode = FALSE
	EndGlobalSection
	GlobalSection(ExtensibilityGlobals) = postSolution
		SolutionGuid = {D236F46E-5D02-42E4-B464-3327C2713B51}
	EndGlobalSection
EndGlobal
